
Microsoft Visual Studio Solution File, Format Version 12.00
# Visual Studio Version 17
VisualStudioVersion = 17.14.36408.4 d17.14
MinimumVisualStudioVersion = 10.0.40219.1
Project("{FAE04EC0-301F-11D3-BF4B-00C04F79EFBC}") = "Assignment_ToDoApi", "Assignment_ToDoApi\Assignment_ToDoApi.csproj", "{1E0297A8-CB50-4F76-ABEC-72DD028B45EE}"
EndProject
Global
	GlobalSection(SolutionConfigurationPlatforms) = preSolution
		Debug|Any CPU = Debug|Any CPU
		Release|Any CPU = Release|Any CPU
	EndGlobalSection
	GlobalSection(ProjectConfigurationPlatforms) = postSolution
		{1E0297A8-CB50-4F76-ABEC-72DD028B45EE}.Debug|Any CPU.ActiveCfg = Debug|Any CPU
		{1E0297A8-CB50-4F76-ABEC-72DD028B45EE}.Debug|Any CPU.Build.0 = Debug|Any CPU
		{1E0297A8-CB50-4F76-ABEC-72DD028B45EE}.Release|Any CPU.ActiveCfg = Release|Any CPU
		{1E0297A8-CB50-4F76-ABEC-72DD028B45EE}.Release|Any CPU.Build.0 = Release|Any CPU
	EndGlobalSection
	GlobalSection(SolutionProperties) = preSolution
		HideSolutionNode = FALSE
	EndGlobalSection
	GlobalSection(ExtensibilityGlobals) = postSolution
		SolutionGuid = {A2F19BD6-9D75-48B0-89F4-403F7E571599}
	EndGlobalSection
EndGlobal
